github.com/adityatelange/hugo-PaperMod v0.0.0-20240114144012-d6cd6d91757c h1:bTkD4nPWN6f8s8iTV0NDQHzlwwfSAOA5MLAfZmjww4A=
github.com/adityatelange/hugo-PaperMod v0.0.0-20240114144012-d6cd6d91757c/go.mod h1:HCHxNMKYdGafUYjVV3ICiAqznZK2yH0iI53jqcDFDdQ=
github.com/adityatelange/hugo-PaperMod v0.0.0-20250105143455-9f1f414be805 h1:gi6q4K4XngQJj1oCHJvIT9huDaW1PDcSvVR8/amBxLE=
github.com/adityatelange/hugo-PaperMod v0.0.0-20250105143455-9f1f414be805/go.mod h1:HCHxNMKYdGafUYjVV3ICiAqznZK2yH0iI53jqcDFDdQ=
